
Microsoft Visual Studio Solution File, Format Version 12.00
# Visual Studio Version 16
VisualStudioVersion = 16.0.31410.357
MinimumVisualStudioVersion = 10.0.40219.1
Project("{8BC9CEB8-8B4A-11D0-8D11-00A0C91BC942}") = "QtMainFrame", "src\QtMainFrame\QtMainFrame.vcxproj", "{698939DE-57E9-47E7-910C-D70CCABF227D}"
	ProjectSection(ProjectDependencies) = postProject
		{8B3F0283-DF9E-45F8-854A-EF90B537D084} = {8B3F0283-DF9E-45F8-854A-EF90B537D084}
	EndProjectSection
EndProject
Project("{8BC9CEB8-8B4A-11D0-8D11-00A0C91BC942}") = "crossPlatformLib", "src\crossPlatformLib\crossPlatformLib.vcxproj", "{8B3F0283-DF9E-45F8-854A-EF90B537D084}"
EndProject
Global
	GlobalSection(SolutionConfigurationPlatforms) = preSolution
		Debug|x64 = Debug|x64
		Debug-linux|x64 = Debug-linux|x64
		Release|x64 = Release|x64
		Release-linux|x64 = Release-linux|x64
	EndGlobalSection
	GlobalSection(ProjectConfigurationPlatforms) = postSolution
		{698939DE-57E9-47E7-910C-D70CCABF227D}.Debug|x64.ActiveCfg = Debug|x64
		{698939DE-57E9-47E7-910C-D70CCABF227D}.Debug|x64.Build.0 = Debug|x64
		{698939DE-57E9-47E7-910C-D70CCABF227D}.Debug-linux|x64.ActiveCfg = Debug-linux|x64
		{698939DE-57E9-47E7-910C-D70CCABF227D}.Debug-linux|x64.Build.0 = Debug-linux|x64
		{698939DE-57E9-47E7-910C-D70CCABF227D}.Debug-linux|x64.Deploy.0 = Debug-linux|x64
		{698939DE-57E9-47E7-910C-D70CCABF227D}.Release|x64.ActiveCfg = Release|x64
		{698939DE-57E9-47E7-910C-D70CCABF227D}.Release|x64.Build.0 = Release|x64
		{698939DE-57E9-47E7-910C-D70CCABF227D}.Release-linux|x64.ActiveCfg = Release-linux|x64
		{698939DE-57E9-47E7-910C-D70CCABF227D}.Release-linux|x64.Build.0 = Release-linux|x64
		{698939DE-57E9-47E7-910C-D70CCABF227D}.Release-linux|x64.Deploy.0 = Release-linux|x64
		{8B3F0283-DF9E-45F8-854A-EF90B537D084}.Debug|x64.ActiveCfg = Debug|x64
		{8B3F0283-DF9E-45F8-854A-EF90B537D084}.Debug|x64.Build.0 = Debug|x64
		{8B3F0283-DF9E-45F8-854A-EF90B537D084}.Debug-linux|x64.ActiveCfg = Debug-linux|x64
		{8B3F0283-DF9E-45F8-854A-EF90B537D084}.Debug-linux|x64.Build.0 = Debug-linux|x64
		{8B3F0283-DF9E-45F8-854A-EF90B537D084}.Debug-linux|x64.Deploy.0 = Debug-linux|x64
		{8B3F0283-DF9E-45F8-854A-EF90B537D084}.Release|x64.ActiveCfg = Release|x64
		{8B3F0283-DF9E-45F8-854A-EF90B537D084}.Release|x64.Build.0 = Release|x64
		{8B3F0283-DF9E-45F8-854A-EF90B537D084}.Release-linux|x64.ActiveCfg = Release-linux|x64
		{8B3F0283-DF9E-45F8-854A-EF90B537D084}.Release-linux|x64.Build.0 = Release-linux|x64
		{8B3F0283-DF9E-45F8-854A-EF90B537D084}.Release-linux|x64.Deploy.0 = Release-linux|x64
	EndGlobalSection
	GlobalSection(SolutionProperties) = preSolution
		HideSolutionNode = FALSE
	EndGlobalSection
	GlobalSection(ExtensibilityGlobals) = postSolution
		Qt5Version = 5.12.10_msvc2017_64
		SolutionGuid = {7C28291B-B7B0-4261-92AD-06F0A1485DA4}
	EndGlobalSection
EndGlobal
